
Microsoft Visual Studio Solution File, Format Version 12.00
# Visual Studio Version 16
VisualStudioVersion = 16.0.29709.97
MinimumVisualStudioVersion = 10.0.40219.1
Project("{FAE04EC0-301F-11D3-BF4B-00C04F79EFBC}") = "PrikolShopView", "PrikolShopView\PrikolShopView.csproj", "{2E106017-5B5B-4CF5-87DD-B89D00092D33}"
EndProject
Project("{FAE04EC0-301F-11D3-BF4B-00C04F79EFBC}") = "PrikolShopBusinessLogic", "PrikolShopBusinessLogic\PrikolShopBusinessLogic.csproj", "{BBDAB068-9C36-4D37-9E97-6140B523D10F}"
EndProject
Project("{FAE04EC0-301F-11D3-BF4B-00C04F79EFBC}") = "PrikolShopListImplement", "PrikolShopListImplement\PrikolShopListImplement.csproj", "{CAC955C2-0CA9-41BD-B2D3-8D9F0B9E97F7}"
EndProject
Global
	GlobalSection(SolutionConfigurationPlatforms) = preSolution
		Debug|Any CPU = Debug|Any CPU
		Release|Any CPU = Release|Any CPU
	EndGlobalSection
	GlobalSection(ProjectConfigurationPlatforms) = postSolution
		{2E106017-5B5B-4CF5-87DD-B89D00092D33}.Debug|Any CPU.ActiveCfg = Debug|Any CPU
		{2E106017-5B5B-4CF5-87DD-B89D00092D33}.Debug|Any CPU.Build.0 = Debug|Any CPU
		{2E106017-5B5B-4CF5-87DD-B89D00092D33}.Release|Any CPU.ActiveCfg = Release|Any CPU
		{2E106017-5B5B-4CF5-87DD-B89D00092D33}.Release|Any CPU.Build.0 = Release|Any CPU
		{BBDAB068-9C36-4D37-9E97-6140B523D10F}.Debug|Any CPU.ActiveCfg = Debug|Any CPU
		{BBDAB068-9C36-4D37-9E97-6140B523D10F}.Debug|Any CPU.Build.0 = Debug|Any CPU
		{BBDAB068-9C36-4D37-9E97-6140B523D10F}.Release|Any CPU.ActiveCfg = Release|Any CPU
		{BBDAB068-9C36-4D37-9E97-6140B523D10F}.Release|Any CPU.Build.0 = Release|Any CPU
		{CAC955C2-0CA9-41BD-B2D3-8D9F0B9E97F7}.Debug|Any CPU.ActiveCfg = Debug|Any CPU
		{CAC955C2-0CA9-41BD-B2D3-8D9F0B9E97F7}.Debug|Any CPU.Build.0 = Debug|Any CPU
		{CAC955C2-0CA9-41BD-B2D3-8D9F0B9E97F7}.Release|Any CPU.ActiveCfg = Release|Any CPU
		{CAC955C2-0CA9-41BD-B2D3-8D9F0B9E97F7}.Release|Any CPU.Build.0 = Release|Any CPU
	EndGlobalSection
	GlobalSection(SolutionProperties) = preSolution
		HideSolutionNode = FALSE
	EndGlobalSection
	GlobalSection(ExtensibilityGlobals) = postSolution
		SolutionGuid = {3BA0CD97-B001-4C82-B6CF-FBE749570791}
	EndGlobalSection
EndGlobal
